
Microsoft Visual Studio Solution File, Format Version 12.00
# Visual Studio Version 16
VisualStudioVersion = 16.0.31112.23
MinimumVisualStudioVersion = 10.0.40219.1
Project("{8BC9CEB8-8B4A-11D0-8D11-00A0C91BC942}") = "BSODConfigureDriver", "BSODConfigureDriver.vcxproj", "{22FB649F-617C-4EF2-BD1D-663DEF593739}"
EndProject
Global
	GlobalSection(SolutionConfigurationPlatforms) = preSolution
		Debug|ARM = Debug|ARM
		Debug|ARM64 = Debug|ARM64
		Debug|x64 = Debug|x64
		Debug|x86 = Debug|x86
		Release|ARM = Release|ARM
		Release|ARM64 = Release|ARM64
		Release|x64 = Release|x64
		Release|x86 = Release|x86
	EndGlobalSection
	GlobalSection(ProjectConfigurationPlatforms) = postSolution
		{22FB649F-617C-4EF2-BD1D-663DEF593739}.Debug|ARM.ActiveCfg = Debug|ARM
		{22FB649F-617C-4EF2-BD1D-663DEF593739}.Debug|ARM.Build.0 = Debug|ARM
		{22FB649F-617C-4EF2-BD1D-663DEF593739}.Debug|ARM.Deploy.0 = Debug|ARM
		{22FB649F-617C-4EF2-BD1D-663DEF593739}.Debug|ARM64.ActiveCfg = Debug|ARM64
		{22FB649F-617C-4EF2-BD1D-663DEF593739}.Debug|ARM64.Build.0 = Debug|ARM64
		{22FB649F-617C-4EF2-BD1D-663DEF593739}.Debug|ARM64.Deploy.0 = Debug|ARM64
		{22FB649F-617C-4EF2-BD1D-663DEF593739}.Debug|x64.ActiveCfg = Debug|x64
		{22FB649F-617C-4EF2-BD1D-663DEF593739}.Debug|x64.Build.0 = Debug|x64
		{22FB649F-617C-4EF2-BD1D-663DEF593739}.Debug|x64.Deploy.0 = Debug|x64
		{22FB649F-617C-4EF2-BD1D-663DEF593739}.Debug|x86.ActiveCfg = Debug|Win32
		{22FB649F-617C-4EF2-BD1D-663DEF593739}.Debug|x86.Build.0 = Debug|Win32
		{22FB649F-617C-4EF2-BD1D-663DEF593739}.Debug|x86.Deploy.0 = Debug|Win32
		{22FB649F-617C-4EF2-BD1D-663DEF593739}.Release|ARM.ActiveCfg = Release|ARM
		{22FB649F-617C-4EF2-BD1D-663DEF593739}.Release|ARM.Build.0 = Release|ARM
		{22FB649F-617C-4EF2-BD1D-663DEF593739}.Release|ARM.Deploy.0 = Release|ARM
		{22FB649F-617C-4EF2-BD1D-663DEF593739}.Release|ARM64.ActiveCfg = Release|ARM64
		{22FB649F-617C-4EF2-BD1D-663DEF593739}.Release|ARM64.Build.0 = Release|ARM64
		{22FB649F-617C-4EF2-BD1D-663DEF593739}.Release|ARM64.Deploy.0 = Release|ARM64
		{22FB649F-617C-4EF2-BD1D-663DEF593739}.Release|x64.ActiveCfg = Release|x64
		{22FB649F-617C-4EF2-BD1D-663DEF593739}.Release|x64.Build.0 = Release|x64
		{22FB649F-617C-4EF2-BD1D-663DEF593739}.Release|x64.Deploy.0 = Release|x64
		{22FB649F-617C-4EF2-BD1D-663DEF593739}.Release|x86.ActiveCfg = Release|Win32
		{22FB649F-617C-4EF2-BD1D-663DEF593739}.Release|x86.Build.0 = Release|Win32
		{22FB649F-617C-4EF2-BD1D-663DEF593739}.Release|x86.Deploy.0 = Release|Win32
	EndGlobalSection
	GlobalSection(SolutionProperties) = preSolution
		HideSolutionNode = FALSE
	EndGlobalSection
	GlobalSection(ExtensibilityGlobals) = postSolution
		SolutionGuid = {BF1D403D-0D6C-4006-A69D-710CA48388CF}
	EndGlobalSection
EndGlobal
